github.com/wowchemy/wowchemy-hugo-modules/wowchemy v0.0.0-20210305185508-fc38e809527d h1:6ZgMJ9M8G/2a/EuifKtwWGkMBMMxVbbYCgmDrp5IxUU=
github.com/wowchemy/wowchemy-hugo-modules/wowchemy v0.0.0-20210305185508-fc38e809527d/go.mod h1:H22qfH9qj3FWwsk7+bAZpmT24yRGNQURah2/IRwjbn8=
github.com/wowchemy/wowchemy-hugo-modules/wowchemy-cms v0.0.0-20210305185508-fc38e809527d h1:7ryYOFR0GvpLRJEgluq/MA1EX3gfkCxcWdwppTDrpu8=
github.com/wowchemy/wowchemy-hugo-modules/wowchemy-cms v0.0.0-20210305185508-fc38e809527d/go.mod h1:AKpYbqUVlj0VYsc7Jsxe1o8Ko2yV31A5ZPdfpACcXJw=
