github.com/wowchemy/wowchemy-hugo-modules/wowchemy v0.0.0-20210220172811-1d58e5e81988 h1:OLVzuioMVYBxRlAsLIUB53IU0mhNorymTUfs7FT1aiQ=
github.com/wowchemy/wowchemy-hugo-modules/wowchemy v0.0.0-20210220172811-1d58e5e81988/go.mod h1:H22qfH9qj3FWwsk7+bAZpmT24yRGNQURah2/IRwjbn8=
github.com/wowchemy/wowchemy-hugo-modules/wowchemy-cms v0.0.0-20210220172811-1d58e5e81988 h1:tV++oa9OlheEBsr1p/YK4lOFmtirybMSZhUHSgQgWJo=
github.com/wowchemy/wowchemy-hugo-modules/wowchemy-cms v0.0.0-20210220172811-1d58e5e81988/go.mod h1:AKpYbqUVlj0VYsc7Jsxe1o8Ko2yV31A5ZPdfpACcXJw=
