github.com/wowchemy/wowchemy-hugo-modules/wowchemy v0.0.0-20210615190506-19ca4a39f23c h1:JrO6hr4s0TzAkezlqzTX5ptSuNQGWyws6yQ54iRz8tQ=
github.com/wowchemy/wowchemy-hugo-modules/wowchemy v0.0.0-20210615190506-19ca4a39f23c/go.mod h1:H22qfH9qj3FWwsk7+bAZpmT24yRGNQURah2/IRwjbn8=
github.com/wowchemy/wowchemy-hugo-modules/wowchemy-cms v0.0.0-20210615190506-19ca4a39f23c h1:qVM6SC42JShzraPLePgbLlzIknCC8YNd1MY11EB64rw=
github.com/wowchemy/wowchemy-hugo-modules/wowchemy-cms v0.0.0-20210615190506-19ca4a39f23c/go.mod h1:AKpYbqUVlj0VYsc7Jsxe1o8Ko2yV31A5ZPdfpACcXJw=
